
Microsoft Visual Studio Solution File, Format Version 12.00
# Visual Studio Version 16
VisualStudioVersion = 16.0.30128.74
MinimumVisualStudioVersion = 10.0.40219.1
Project("{FAE04EC0-301F-11D3-BF4B-00C04F79EFBC}") = "sample game", "sample game.csproj", "{4093257E-765B-4969-B342-13D0D0EB0AF2}"
EndProject
Global
	GlobalSection(SolutionConfigurationPlatforms) = preSolution
		Debug|Any CPU = Debug|Any CPU
		Release|Any CPU = Release|Any CPU
	EndGlobalSection
	GlobalSection(ProjectConfigurationPlatforms) = postSolution
		{4093257E-765B-4969-B342-13D0D0EB0AF2}.Debug|Any CPU.ActiveCfg = Debug|Any CPU
		{4093257E-765B-4969-B342-13D0D0EB0AF2}.Debug|Any CPU.Build.0 = Debug|Any CPU
		{4093257E-765B-4969-B342-13D0D0EB0AF2}.Release|Any CPU.ActiveCfg = Release|Any CPU
		{4093257E-765B-4969-B342-13D0D0EB0AF2}.Release|Any CPU.Build.0 = Release|Any CPU
	EndGlobalSection
	GlobalSection(SolutionProperties) = preSolution
		HideSolutionNode = FALSE
	EndGlobalSection
	GlobalSection(ExtensibilityGlobals) = postSolution
		SolutionGuid = {0F8387EF-88B3-4968-B89B-770A81EADE5A}
	EndGlobalSection
EndGlobal
